
Microsoft Visual Studio Solution File, Format Version 12.00
# Visual Studio Version 17
VisualStudioVersion = 17.0.31912.275
MinimumVisualStudioVersion = 10.0.40219.1
Project("{9A19103F-16F7-4668-BE54-9A1E7A4F7556}") = "API", "API\API.csproj", "{D1940ECE-5BCF-4FE1-B833-29291FC813FC}"
EndProject
Project("{E24C65DC-7377-472B-9ABA-BC803B73C61A}") = "client", "client\", "{FC1C07BC-BF73-4BE0-B38E-CF3686107B28}"
	ProjectSection(WebsiteProperties) = preProject
		TargetFrameworkMoniker = ".NETFramework,Version%3Dv4.0"
		Debug.AspNetCompiler.VirtualPath = "/localhost_59132"
		Debug.AspNetCompiler.PhysicalPath = "client\"
		Debug.AspNetCompiler.TargetPath = "PrecompiledWeb\localhost_59132\"
		Debug.AspNetCompiler.Updateable = "true"
		Debug.AspNetCompiler.ForceOverwrite = "true"
		Debug.AspNetCompiler.FixedNames = "false"
		Debug.AspNetCompiler.Debug = "True"
		Release.AspNetCompiler.VirtualPath = "/localhost_59132"
		Release.AspNetCompiler.PhysicalPath = "client\"
		Release.AspNetCompiler.TargetPath = "PrecompiledWeb\localhost_59132\"
		Release.AspNetCompiler.Updateable = "true"
		Release.AspNetCompiler.ForceOverwrite = "true"
		Release.AspNetCompiler.FixedNames = "false"
		Release.AspNetCompiler.Debug = "False"
		VWDPort = "59132"
	EndProjectSection
EndProject
Global
	GlobalSection(SolutionConfigurationPlatforms) = preSolution
		Debug|Any CPU = Debug|Any CPU
		Release|Any CPU = Release|Any CPU
	EndGlobalSection
	GlobalSection(ProjectConfigurationPlatforms) = postSolution
		{D1940ECE-5BCF-4FE1-B833-29291FC813FC}.Debug|Any CPU.ActiveCfg = Debug|Any CPU
		{D1940ECE-5BCF-4FE1-B833-29291FC813FC}.Debug|Any CPU.Build.0 = Debug|Any CPU
		{D1940ECE-5BCF-4FE1-B833-29291FC813FC}.Release|Any CPU.ActiveCfg = Release|Any CPU
		{D1940ECE-5BCF-4FE1-B833-29291FC813FC}.Release|Any CPU.Build.0 = Release|Any CPU
		{FC1C07BC-BF73-4BE0-B38E-CF3686107B28}.Debug|Any CPU.ActiveCfg = Debug|Any CPU
		{FC1C07BC-BF73-4BE0-B38E-CF3686107B28}.Debug|Any CPU.Build.0 = Debug|Any CPU
		{FC1C07BC-BF73-4BE0-B38E-CF3686107B28}.Release|Any CPU.ActiveCfg = Debug|Any CPU
		{FC1C07BC-BF73-4BE0-B38E-CF3686107B28}.Release|Any CPU.Build.0 = Debug|Any CPU
	EndGlobalSection
	GlobalSection(SolutionProperties) = preSolution
		HideSolutionNode = FALSE
	EndGlobalSection
	GlobalSection(ExtensibilityGlobals) = postSolution
		SolutionGuid = {A4D4FC20-ABF9-4963-A318-C5A3697C2DDD}
	EndGlobalSection
EndGlobal
